<?xml version="1.0" encoding="utf-8"?>
<Project ToolsVersion="4.0" xmlns="http://schemas.microsoft.com/developer/msbuild/2003">
  <ItemGroup>
    <Filter Include="Source Files">
      <UniqueIdentifier>{4FC737F1-C7A5-4376-A066-2A32D752A2FF}</UniqueIdentifier>
      <Extensions>cpp;c;cc;cxx;c++;cppm;ixx;def;odl;idl;hpj;bat;asm;asmx</Extensions>
    </Filter>
    <Filter Include="Header Files">
      <UniqueIdentifier>{93995380-89BD-4b04-88EB-625FBE52EBFB}</UniqueIdentifier>
      <Extensions>h;hh;hpp;hxx;h++;hm;inl;inc;ipp;xsd</Extensions>
    </Filter>
    <Filter Include="Resource Files">
      <UniqueIdentifier>{67DA6AB6-F800-4c08-8B7A-83BB121AAD01}</UniqueIdentifier>
      <Extensions>rc;ico;cur;bmp;dlg;rc2;rct;bin;rgs;gif;jpg;jpeg;jpe;resx;tiff;tif;png;wav;mfcribbon-ms</Extensions>
    </Filter>
  </ItemGroup>
  <ItemGroup>
    <ClCompile Include="main.cpp">
      <Filter>Source Files</Filter>
    </ClCompile>
    <ClCompile Include="DataEntry.cpp">
      <Filter>Source Files</Filter>
    </ClCompile>
    <ClCompile Include="NumericInput.cpp">
      <Filter>Source Files</Filter>
    </ClCompile>
    <ClCompile Include="StringInput.cpp">
      <Filter>Source Files</Filter>
    </ClCompile>
    <ClCompile Include="ISAMWrapperLib.cpp">
      <Filter>Source Files</Filter>
    </ClCompile>
    <ClCompile Include="MaskedInput.cpp">
      <Filter>Source Files</Filter>
    </ClCompile>
    <ClCompile Include="MenuEntry.cpp">
      <Filter>Source Files</Filter>
    </ClCompile>
    <ClCompile Include="SharedWindowManager.cpp">
      <Filter>Source Files</Filter>
    </ClCompile>
    <ClCompile Include="MenuWindowManager.cpp">
      <Filter>Source Files</Filter>
    </ClCompile>
    <ClCompile Include="Dialog.cpp">
      <Filter>Source Files</Filter>
    </ClCompile>
    <ClCompile Include="DialogWindowManager.cpp">
      <Filter>Source Files</Filter>
    </ClCompile>
    <ClCompile Include="TransactionEntryHeader.cpp">
      <Filter>Source Files</Filter>
    </ClCompile>
    <ClCompile Include="TransactionEntry.cpp">
      <Filter>Source Files</Filter>
    </ClCompile>
    <ClCompile Include="TransactionEntryLines.cpp">
      <Filter>Source Files</Filter>
    </ClCompile>
    <ClCompile Include="TransEntryControl.cpp">
      <Filter>Source Files</Filter>
    </ClCompile>
  </ItemGroup>
  <ItemGroup>
    <ClInclude Include="curses.h">
      <Filter>Header Files</Filter>
    </ClInclude>
    <ClInclude Include="DataEntry.h">
      <Filter>Header Files</Filter>
    </ClInclude>
    <ClInclude Include="sqlite3.h">
      <Filter>Header Files</Filter>
    </ClInclude>
    <ClInclude Include="ISAMWrapperLib.h">
      <Filter>Header Files</Filter>
    </ClInclude>
    <ClInclude Include="MenuEntry.h">
      <Filter>Header Files</Filter>
    </ClInclude>
    <ClInclude Include="MenuEntryUtils .h">
      <Filter>Header Files</Filter>
    </ClInclude>
    <ClInclude Include="sharedWindowManager.h">
      <Filter>Header Files</Filter>
    </ClInclude>
    <ClInclude Include="InputUtils.h">
      <Filter>Header Files</Filter>
    </ClInclude>
    <ClInclude Include="MenuWindowManager.h">
      <Filter>Header Files</Filter>
    </ClInclude>
    <ClInclude Include="Dialog.h">
      <Filter>Header Files</Filter>
    </ClInclude>
    <ClInclude Include="DialogWindowManager.h">
      <Filter>Header Files</Filter>
    </ClInclude>
    <ClInclude Include="PassParam.h">
      <Filter>Header Files</Filter>
    </ClInclude>
    <ClInclude Include="TransactionEntryHeader.h">
      <Filter>Header Files</Filter>
    </ClInclude>
    <ClInclude Include="TransactionEntry.h">
      <Filter>Header Files</Filter>
    </ClInclude>
    <ClInclude Include="TransactionEntryLines.h">
      <Filter>Header Files</Filter>
    </ClInclude>
    <ClInclude Include="TransEntryControl.h">
      <Filter>Header Files</Filter>
    </ClInclude>
    <ClInclude Include="DialogUtils.h">
      <Filter>Header Files</Filter>
    </ClInclude>
    <ClInclude Include="DataEntryUtils.h">
      <Filter>Header Files</Filter>
    </ClInclude>
    <ClInclude Include="DataEntryFieldProperties.h">
      <Filter>Header Files</Filter>
    </ClInclude>
    <ClInclude Include="CursesCompat.h">
      <Filter>Header Files</Filter>
    </ClInclude>
  </ItemGroup>
  <ItemGroup>
    <Library Include="ISAMWrapperLib.lib" />
    <Library Include="pdcurses.lib">
      <Filter>Source Files</Filter>
    </Library>
  </ItemGroup>
  <ItemGroup>
    <Text Include="TO DO.txt">
      <Filter>Header Files</Filter>
    </Text>
  </ItemGroup>
</Project>